// !$*UTF8*$!
{
	archiveVersion = 1;
	classes = {
	};
	objectVersion = 50;
	objects = {

/* Begin PBXBuildFile section */
		02F25FF1234E813A00A25DDA /* AppDelegate.swift in Sources */ = {isa = PBXBuildFile; fileRef = 02F25FF0234E813A00A25DDA /* AppDelegate.swift */; };
		02F25FF3234E813A00A25DDA /* SceneDelegate.swift in Sources */ = {isa = PBXBuildFile; fileRef = 02F25FF2234E813A00A25DDA /* SceneDelegate.swift */; };
		02F25FF5234E813A00A25DDA /* ViewController.swift in Sources */ = {isa = PBXBuildFile; fileRef = 02F25FF4234E813A00A25DDA /* ViewController.swift */; };
		02F25FF8234E813A00A25DDA /* Main.storyboard in Resources */ = {isa = PBXBuildFile; fileRef = 02F25FF6234E813A00A25DDA /* Main.storyboard */; };
		02F25FFA234E813B00A25DDA /* Assets.xcassets in Resources */ = {isa = PBXBuildFile; fileRef = 02F25FF9234E813B00A25DDA /* Assets.xcassets */; };
		02F25FFD234E813B00A25DDA /* LaunchScreen.storyboard in Resources */ = {isa = PBXBuildFile; fileRef = 02F25FFB234E813B00A25DDA /* LaunchScreen.storyboard */; };
/* End PBXBuildFile section */

/* Begin PBXFileReference section */
		02F25FED234E813A00A25DDA /* AR Solar System.app */ = {isa = PBXFileReference; explicitFileType = wrapper.application; includeInIndex = 0; path = "AR Solar System.app"; sourceTree = BUILT_PRODUCTS_DIR; };
		02F25FF0234E813A00A25DDA /* AppDelegate.swift */ = {isa = PBXFileReference; lastKnownFileType = sourcecode.swift; path = AppDelegate.swift; sourceTree = "<group>"; };
		02F25FF2234E813A00A25DDA /* SceneDelegate.swift */ = {isa = PBXFileReference; lastKnownFileType = sourcecode.swift; path = SceneDelegate.swift; sourceTree = "<group>"; };
		02F25FF4234E813A00A25DDA /* ViewController.swift */ = {isa = PBXFileReference; lastKnownFileType = sourcecode.swift; path = ViewController.swift; sourceTree = "<group>"; };
		02F25FF7234E813A00A25DDA /* Base */ = {isa = PBXFileReference; lastKnownFileType = file.storyboard; name = Base; path = Base.lproj/Main.storyboard; sourceTree = "<group>"; };
		02F25FF9234E813B00A25DDA /* Assets.xcassets */ = {isa = PBXFileReference; lastKnownFileType = folder.assetcatalog; path = Assets.xcassets; sourceTree = "<group>"; };
		02F25FFC234E813B00A25DDA /* Base */ = {isa = PBXFileReference; lastKnownFileType = file.storyboard; name = Base; path = Base.lproj/LaunchScreen.storyboard; sourceTree = "<group>"; };
		02F25FFE234E813B00A25DDA /* Info.plist */ = {isa = PBXFileReference; lastKnownFileType = text.plist.xml; path = Info.plist; sourceTree = "<group>"; };
/* End PBXFileReference section */

/* Begin PBXFrameworksBuildPhase section */
		02F25FEA234E813A00A25DDA /* Frameworks */ = {
			isa = PBXFrameworksBuildPhase;
			buildActionMask = 2147483647;
			files = (
			);
			runOnlyForDeploymentPostprocessing = 0;
		};
/* End PBXFrameworksBuildPhase section */

/* Begin PBXGroup section */
		02F25FE4234E813A00A25DDA = {
			isa = PBXGroup;
			children = (
				02F25FEF234E813A00A25DDA /* AR Solar System */,
				02F25FEE234E813A00A25DDA /* Products */,
			);
			sourceTree = "<group>";
		};
		02F25FEE234E813A00A25DDA /* Products */ = {
			isa = PBXGroup;
			children = (
				02F25FED234E813A00A25DDA /* AR Solar System.app */,
			);
			name = Products;
			sourceTree = "<group>";
		};
		02F25FEF234E813A00A25DDA /* AR Solar System */ = {
			isa = PBXGroup;
			children = (
				02F25FF0234E813A00A25DDA /* AppDelegate.swift */,
				02F25FF2234E813A00A25DDA /* SceneDelegate.swift */,
				02F25FF4234E813A00A25DDA /* ViewController.swift */,
				02F25FF6234E813A00A25DDA /* Main.storyboard */,
				02F25FF9234E813B00A25DDA /* Assets.xcassets */,
				02F25FFB234E813B00A25DDA /* LaunchScreen.storyboard */,
				02F25FFE234E813B00A25DDA /* Info.plist */,
			);
			path = "AR Solar System";
			sourceTree = "<group>";
		};
/* End PBXGroup section */

/* Begin PBXNativeTarget section */
		02F25FEC234E813A00A25DDA /* AR Solar System */ = {
			isa = PBXNativeTarget;
			buildConfigurationList = 02F26001234E813B00A25DDA /* Build configuration list for PBXNativeTarget "AR Solar System" */;
			buildPhases = (
				02F25FE9234E813A00A25DDA /* Sources */,
				02F25FEA234E813A00A25DDA /* Frameworks */,
				02F25FEB234E813A00A25DDA /* Resources */,
			);
			buildRules = (
			);
			dependencies = (
			);
			name = "AR Solar System";
			productName = "AR Solar System";
			productReference = 02F25FED234E813A00A25DDA /* AR Solar System.app */;
			productType = "com.apple.product-type.application";
		};
/* End PBXNativeTarget section */

/* Begin PBXProject section */
		02F25FE5234E813A00A25DDA /* Project object */ = {
			isa = PBXProject;
			attributes = {
				LastSwiftUpdateCheck = 1110;
				LastUpgradeCheck = 1110;
				ORGANIZATIONNAME = Borna;
				TargetAttributes = {
					02F25FEC234E813A00A25DDA = {
						CreatedOnToolsVersion = 11.1;
					};
				};
			};
			buildConfigurationList = 02F25FE8234E813A00A25DDA /* Build configuration list for PBXProject "AR Solar System" */;
			compatibilityVersion = "Xcode 9.3";
			developmentRegion = en;
			hasScannedForEncodings = 0;
			knownRegions = (
				en,
				Base,
			);
			mainGroup = 02F25FE4234E813A00A25DDA;
			productRefGroup = 02F25FEE234E813A00A25DDA /* Products */;
			projectDirPath = "";
			projectRoot = "";
			targets = (
				02F25FEC234E813A00A25DDA /* AR Solar System */,
			);
		};
/* End PBXProject section */

/* Begin PBXResourcesBuildPhase section */
		02F25FEB234E813A00A25DDA /* Resources */ = {
			isa = PBXResourcesBuildPhase;
			buildActionMask = 2147483647;
			files = (
				02F25FFD234E813B00A25DDA /* LaunchScreen.storyboard in Resources */,
				02F25FFA234E813B00A25DDA /* Assets.xcassets in Resources */,
				02F25FF8234E813A00A25DDA /* Main.storyboard in Resources */,
			);
			runOnlyForDeploymentPostprocessing = 0;
		};
/* End PBXResourcesBuildPhase section */

/* Begin PBXSourcesBuildPhase section */
		02F25FE9234E813A00A25DDA /* Sources */ = {
			isa = PBXSourcesBuildPhase;
			buildActionMask = 2147483647;
			files = (
				02F25FF5234E813A00A25DDA /* ViewController.swift in Sources */,
				02F25FF1234E813A00A25DDA /* AppDelegate.swift in Sources */,
				02F25FF3234E813A00A25DDA /* SceneDelegate.swift in Sources */,
			);
			runOnlyForDeploymentPostprocessing = 0;
		};
/* End PBXSourcesBuildPhase section */

/* Begin PBXVariantGroup section */
		02F25FF6234E813A00A25DDA /* Main.storyboard */ = {
			isa = PBXVariantGroup;
			children = (
				02F25FF7234E813A00A25DDA /* Base */,
			);
			name = Main.storyboard;
			sourceTree = "<group>";
		};
		02F25FFB234E813B00A25DDA /* LaunchScreen.storyboard */ = {
			isa = PBXVariantGroup;
			children = (
				02F25FFC234E813B00A25DDA /* Base */,
			);
			name = LaunchScreen.storyboard;
			sourceTree = "<group>";
		};
/* End PBXVariantGroup section */

/* Begin XCBuildConfiguration section */
		02F25FFF234E813B00A25DDA /* Debug */ = {
			isa = XCBuildConfiguration;
			buildSettings = {
				ALWAYS_SEARCH_USER_PATHS = NO;
				CLANG_ANALYZER_NONNULL = YES;
				CLANG_ANALYZER_NUMBER_OBJECT_CONVERSION = YES_AGGRESSIVE;
				CLANG_CXX_LANGUAGE_STANDARD = "gnu++14";
				CLANG_CXX_LIBRARY = "libc++";
				CLANG_ENABLE_MODULES = YES;
				CLANG_ENABLE_OBJC_ARC = YES;
				CLANG_ENABLE_OBJC_WEAK = YES;
				CLANG_WARN_BLOCK_CAPTURE_AUTORELEASING = YES;
				CLANG_WARN_BOOL_CONVERSION = YES;
				CLANG_WARN_COMMA = YES;
				CLANG_WARN_CONSTANT_CONVERSION = YES;
				CLANG_WARN_DEPRECATED_OBJC_IMPLEMENTATIONS = YES;
				CLANG_WARN_DIRECT_OBJC_ISA_USAGE = YES_ERROR;
				CLANG_WARN_DOCUMENTATION_COMMENTS = YES;
				CLANG_WARN_EMPTY_BODY = YES;
				CLANG_WARN_ENUM_CONVERSION = YES;
				CLANG_WARN_INFINITE_RECURSION = YES;
				CLANG_WARN_INT_CONVERSION = YES;
				CLANG_WARN_NON_LITERAL_NULL_CONVERSION = YES;
				CLANG_WARN_OBJC_IMPLICIT_RETAIN_SELF = YES;
				CLANG_WARN_OBJC_LITERAL_CONVERSION = YES;
				CLANG_WARN_OBJC_ROOT_CLASS = YES_ERROR;
				CLANG_WARN_RANGE_LOOP_ANALYSIS = YES;
				CLANG_WARN_STRICT_PROTOTYPES = YES;
				CLANG_WARN_SUSPICIOUS_MOVE = YES;
				CLANG_WARN_UNGUARDED_AVAILABILITY = YES_AGGRESSIVE;
				CLANG_WARN_UNREACHABLE_CODE = YES;
				CLANG_WARN__DUPLICATE_METHOD_MATCH = YES;
				COPY_PHASE_STRIP = NO;
				DEBUG_INFORMATION_FORMAT = dwarf;
				ENABLE_STRICT_OBJC_MSGSEND = YES;
				ENABLE_TESTABILITY = YES;
				GCC_C_LANGUAGE_STANDARD = gnu11;
				GCC_DYNAMIC_NO_PIC = NO;
				GCC_NO_COMMON_BLOCKS = YES;
				GCC_OPTIMIZATION_LEVEL = 0;
				GCC_PREPROCESSOR_DEFINITIONS = (
					"DEBUG=1",
					"$(inherited)",
				);
				GCC_WARN_64_TO_32_BIT_CONVERSION = YES;
				GCC_WARN_ABOUT_RETURN_TYPE = YES_ERROR;
				GCC_WARN_UNDECLARED_SELECTOR = YES;
				GCC_WARN_UNINITIALIZED_AUTOS = YES_AGGRESSIVE;
				GCC_WARN_UNUSED_FUNCTION = YES;
				GCC_WARN_UNUSED_VARIABLE = YES;
				IPHONEOS_DEPLOYMENT_TARGET = 13.1;
				MTL_ENABLE_DEBUG_INFO = INCLUDE_SOURCE;
				MTL_FAST_MATH = YES;
				ONLY_ACTIVE_ARCH = YES;
				SDKROOT = iphoneos;
				SWIFT_ACTIVE_COMPILATION_CONDITIONS = DEBUG;
				SWIFT_OPTIMIZATION_LEVEL = "-Onone";
			};
			name = Debug;
		};
		02F26000234E813B00A25DDA /* Release */ = {
			isa = XCBuildConfiguration;
			buildSettings = {
				ALWAYS_SEARCH_USER_PATHS = NO;
				CLANG_ANALYZER_NONNULL = YES;
				CLANG_ANALYZER_NUMBER_OBJECT_CONVERSION = YES_AGGRESSIVE;
				CLANG_CXX_LANGUAGE_STANDARD = "gnu++14";
				CLANG_CXX_LIBRARY = "libc++";
				CLANG_ENABLE_MODULES = YES;
				CLANG_ENABLE_OBJC_ARC = YES;
				CLANG_ENABLE_OBJC_WEAK = YES;
				CLANG_WARN_BLOCK_CAPTURE_AUTORELEASING = YES;
				CLANG_WARN_BOOL_CONVERSION = YES;
				CLANG_WARN_COMMA = YES;
				CLANG_WARN_CONSTANT_CONVERSION = YES;
				CLANG_WARN_DEPRECATED_OBJC_IMPLEMENTATIONS = YES;
				CLANG_WARN_DIRECT_OBJC_ISA_USAGE = YES_ERROR;
				CLANG_WARN_DOCUMENTATION_COMMENTS = YES;
				CLANG_WARN_EMPTY_BODY = YES;
				CLANG_WARN_ENUM_CONVERSION = YES;
				CLANG_WARN_INFINITE_RECURSION = YES;
				CLANG_WARN_INT_CONVERSION = YES;
				CLANG_WARN_NON_LITERAL_NULL_CONVERSION = YES;
				CLANG_WARN_OBJC_IMPLICIT_RETAIN_SELF = YES;
				CLANG_WARN_OBJC_LITERAL_CONVERSION = YES;
				CLANG_WARN_OBJC_ROOT_CLASS = YES_ERROR;
				CLANG_WARN_RANGE_LOOP_ANALYSIS = YES;
				CLANG_WARN_STRICT_PROTOTYPES = YES;
				CLANG_WARN_SUSPICIOUS_MOVE = YES;
				CLANG_WARN_UNGUARDED_AVAILABILITY = YES_AGGRESSIVE;
				CLANG_WARN_UNREACHABLE_CODE = YES;
				CLANG_WARN__DUPLICATE_METHOD_MATCH = YES;
				COPY_PHASE_STRIP = NO;
				DEBUG_INFORMATION_FORMAT = "dwarf-with-dsym";
				ENABLE_NS_ASSERTIONS = NO;
				ENABLE_STRICT_OBJC_MSGSEND = YES;
				GCC_C_LANGUAGE_STANDARD = gnu11;
				GCC_NO_COMMON_BLOCKS = YES;
				GCC_WARN_64_TO_32_BIT_CONVERSION = YES;
				GCC_WARN_ABOUT_RETURN_TYPE = YES_ERROR;
				GCC_WARN_UNDECLARED_SELECTOR = YES;
				GCC_WARN_UNINITIALIZED_AUTOS = YES_AGGRESSIVE;
				GCC_WARN_UNUSED_FUNCTION = YES;
				GCC_WARN_UNUSED_VARIABLE = YES;
				IPHONEOS_DEPLOYMENT_TARGET = 13.1;
				MTL_ENABLE_DEBUG_INFO = NO;
				MTL_FAST_MATH = YES;
				SDKROOT = iphoneos;
				SWIFT_COMPILATION_MODE = wholemodule;
				SWIFT_OPTIMIZATION_LEVEL = "-O";
				VALIDATE_PRODUCT = YES;
			};
			name = Release;
		};
		02F26002234E813B00A25DDA /* Debug */ = {
			isa = XCBuildConfiguration;
			buildSettings = {
				ASSETCATALOG_COMPILER_APPICON_NAME = AppIcon;
				CODE_SIGN_STYLE = Automatic;
				DEVELOPMENT_TEAM = SY694AWQB9;
				INFOPLIST_FILE = "AR Solar System/Info.plist";
				LD_RUNPATH_SEARCH_PATHS = (
					"$(inherited)",
					"@executable_path/Frameworks",
				);
				PRODUCT_BUNDLE_IDENTIFIER = "Borna.AR-Solar-System";
				PRODUCT_NAME = "$(TARGET_NAME)";
				SWIFT_VERSION = 5.0;
				TARGETED_DEVICE_FAMILY = "1,2";
			};
			name = Debug;
		};
		02F26003234E813B00A25DDA /* Release */ = {
			isa = XCBuildConfiguration;
			buildSettings = {
				ASSETCATALOG_COMPILER_APPICON_NAME = AppIcon;
				CODE_SIGN_STYLE = Automatic;
				DEVELOPMENT_TEAM = SY694AWQB9;
				INFOPLIST_FILE = "AR Solar System/Info.plist";
				LD_RUNPATH_SEARCH_PATHS = (
					"$(inherited)",
					"@executable_path/Frameworks",
				);
				PRODUCT_BUNDLE_IDENTIFIER = "Borna.AR-Solar-System";
				PRODUCT_NAME = "$(TARGET_NAME)";
				SWIFT_VERSION = 5.0;
				TARGETED_DEVICE_FAMILY = "1,2";
			};
			name = Release;
		};
/* End XCBuildConfiguration section */

/* Begin XCConfigurationList section */
		02F25FE8234E813A00A25DDA /* Build configuration list for PBXProject "AR Solar System" */ = {
			isa = XCConfigurationList;
			buildConfigurations = (
				02F25FFF234E813B00A25DDA /* Debug */,
				02F26000234E813B00A25DDA /* Release */,
			);
			defaultConfigurationIsVisible = 0;
			defaultConfigurationName = Release;
		};
		02F26001234E813B00A25DDA /* Build configuration list for PBXNativeTarget "AR Solar System" */ = {
			isa = XCConfigurationList;
			buildConfigurations = (
				02F26002234E813B00A25DDA /* Debug */,
				02F26003234E813B00A25DDA /* Release */,
			);
			defaultConfigurationIsVisible = 0;
			defaultConfigurationName = Release;
		};
/* End XCConfigurationList section */
	};
	rootObject = 02F25FE5234E813A00A25DDA /* Project object */;
}
